// !$*UTF8*$!
{
	archiveVersion = 1;
	classes = {
	};
	objectVersion = 50;
	objects = {

/* Begin PBXBuildFile section */
		3E4336BDB655B1CD2796D61D /* libPods-Photoworthy.a in Frameworks */ = {isa = PBXBuildFile; fileRef = 9056F5DB114964CC4239271C /* libPods-Photoworthy.a */; };
		EE08D18320C16D5B00962A33 /* Podfile in Resources */ = {isa = PBXBuildFile; fileRef = EE08D18220C16D5B00962A33 /* Podfile */; };
		EE12AB8D20BEF0F8003FB07B /* AppDelegate.swift in Sources */ = {isa = PBXBuildFile; fileRef = EE12AB8C20BEF0F8003FB07B /* AppDelegate.swift */; };
		EE12AB8F20BEF0F8003FB07B /* MapVC.swift in Sources */ = {isa = PBXBuildFile; fileRef = EE12AB8E20BEF0F8003FB07B /* MapVC.swift */; };
		EE12AB9220BEF0F8003FB07B /* Main.storyboard in Resources */ = {isa = PBXBuildFile; fileRef = EE12AB9020BEF0F8003FB07B /* Main.storyboard */; };
		EE12AB9420BEF0FA003FB07B /* Assets.xcassets in Resources */ = {isa = PBXBuildFile; fileRef = EE12AB9320BEF0FA003FB07B /* Assets.xcassets */; };
		EE12AB9720BEF0FA003FB07B /* LaunchScreen.storyboard in Resources */ = {isa = PBXBuildFile; fileRef = EE12AB9520BEF0FA003FB07B /* LaunchScreen.storyboard */; };
		EE12ABA220BEF0FA003FB07B /* PhotoworthyTests.swift in Sources */ = {isa = PBXBuildFile; fileRef = EE12ABA120BEF0FA003FB07B /* PhotoworthyTests.swift */; };
		EE5D6CF920D5277B00A745A9 /* Place.swift in Sources */ = {isa = PBXBuildFile; fileRef = EE5D6CF820D5277B00A745A9 /* Place.swift */; };
		EE5D6CFB20D7AC6D00A745A9 /* Statistic.swift in Sources */ = {isa = PBXBuildFile; fileRef = EE5D6CFA20D7AC6D00A745A9 /* Statistic.swift */; };
		EEF2602C20E50EEB005E57DA /* GoogleService-Info.plist in Resources */ = {isa = PBXBuildFile; fileRef = EEF2602B20E50EEB005E57DA /* GoogleService-Info.plist */; };
		EEF2603020E5205E005E57DA /* SignInVC.swift in Sources */ = {isa = PBXBuildFile; fileRef = EEF2602F20E5205E005E57DA /* SignInVC.swift */; };
		EEF2603220E522FA005E57DA /* ProfileVC.swift in Sources */ = {isa = PBXBuildFile; fileRef = EEF2603120E522FA005E57DA /* ProfileVC.swift */; };
		EEF2603C20EE1B56005E57DA /* SignUpVC.swift in Sources */ = {isa = PBXBuildFile; fileRef = EEF2603B20EE1B56005E57DA /* SignUpVC.swift */; };
		EEF2603E20EE4691005E57DA /* InfoVC.swift in Sources */ = {isa = PBXBuildFile; fileRef = EEF2603D20EE4691005E57DA /* InfoVC.swift */; };
/* End PBXBuildFile section */

/* Begin PBXContainerItemProxy section */
		EE12AB9E20BEF0FA003FB07B /* PBXContainerItemProxy */ = {
			isa = PBXContainerItemProxy;
			containerPortal = EE12AB8120BEF0F8003FB07B /* Project object */;
			proxyType = 1;
			remoteGlobalIDString = EE12AB8820BEF0F8003FB07B;
			remoteInfo = Photoworthy;
		};
/* End PBXContainerItemProxy section */

/* Begin PBXFileReference section */
		19A344E6094C322596C436A6 /* Pods-Photoworthy.debug.xcconfig */ = {isa = PBXFileReference; includeInIndex = 1; lastKnownFileType = text.xcconfig; name = "Pods-Photoworthy.debug.xcconfig"; path = "Pods/Target Support Files/Pods-Photoworthy/Pods-Photoworthy.debug.xcconfig"; sourceTree = "<group>"; };
		59F62CA3CB6D1AAB9F441819 /* Pods-Photoworthy.release.xcconfig */ = {isa = PBXFileReference; includeInIndex = 1; lastKnownFileType = text.xcconfig; name = "Pods-Photoworthy.release.xcconfig"; path = "Pods/Target Support Files/Pods-Photoworthy/Pods-Photoworthy.release.xcconfig"; sourceTree = "<group>"; };
		9056F5DB114964CC4239271C /* libPods-Photoworthy.a */ = {isa = PBXFileReference; explicitFileType = archive.ar; includeInIndex = 0; path = "libPods-Photoworthy.a"; sourceTree = BUILT_PRODUCTS_DIR; };
		EE08D18220C16D5B00962A33 /* Podfile */ = {isa = PBXFileReference; lastKnownFileType = text; path = Podfile; sourceTree = "<group>"; xcLanguageSpecificationIdentifier = xcode.lang.ruby; };
		EE12AB8920BEF0F8003FB07B /* Photoworthy.app */ = {isa = PBXFileReference; explicitFileType = wrapper.application; includeInIndex = 0; path = Photoworthy.app; sourceTree = BUILT_PRODUCTS_DIR; };
		EE12AB8C20BEF0F8003FB07B /* AppDelegate.swift */ = {isa = PBXFileReference; lastKnownFileType = sourcecode.swift; path = AppDelegate.swift; sourceTree = "<group>"; };
		EE12AB8E20BEF0F8003FB07B /* MapVC.swift */ = {isa = PBXFileReference; lastKnownFileType = sourcecode.swift; path = MapVC.swift; sourceTree = "<group>"; };
		EE12AB9120BEF0F8003FB07B /* Base */ = {isa = PBXFileReference; lastKnownFileType = file.storyboard; name = Base; path = Base.lproj/Main.storyboard; sourceTree = "<group>"; };
		EE12AB9320BEF0FA003FB07B /* Assets.xcassets */ = {isa = PBXFileReference; lastKnownFileType = folder.assetcatalog; path = Assets.xcassets; sourceTree = "<group>"; };
		EE12AB9620BEF0FA003FB07B /* Base */ = {isa = PBXFileReference; lastKnownFileType = file.storyboard; name = Base; path = Base.lproj/LaunchScreen.storyboard; sourceTree = "<group>"; };
		EE12AB9820BEF0FA003FB07B /* Info.plist */ = {isa = PBXFileReference; lastKnownFileType = text.plist.xml; path = Info.plist; sourceTree = "<group>"; };
		EE12AB9D20BEF0FA003FB07B /* PhotoworthyTests.xctest */ = {isa = PBXFileReference; explicitFileType = wrapper.cfbundle; includeInIndex = 0; path = PhotoworthyTests.xctest; sourceTree = BUILT_PRODUCTS_DIR; };
		EE12ABA120BEF0FA003FB07B /* PhotoworthyTests.swift */ = {isa = PBXFileReference; lastKnownFileType = sourcecode.swift; path = PhotoworthyTests.swift; sourceTree = "<group>"; };
		EE12ABA320BEF0FA003FB07B /* Info.plist */ = {isa = PBXFileReference; lastKnownFileType = text.plist.xml; path = Info.plist; sourceTree = "<group>"; };
		EE2AE40221280019008D10C4 /* remachine-script.ttf */ = {isa = PBXFileReference; lastKnownFileType = file; path = "remachine-script.ttf"; sourceTree = "<group>"; };
		EE5D6CF820D5277B00A745A9 /* Place.swift */ = {isa = PBXFileReference; lastKnownFileType = sourcecode.swift; path = Place.swift; sourceTree = "<group>"; };
		EE5D6CFA20D7AC6D00A745A9 /* Statistic.swift */ = {isa = PBXFileReference; lastKnownFileType = sourcecode.swift; path = Statistic.swift; sourceTree = "<group>"; };
		EEF2602B20E50EEB005E57DA /* GoogleService-Info.plist */ = {isa = PBXFileReference; fileEncoding = 4; lastKnownFileType = text.plist.xml; name = "GoogleService-Info.plist"; path = "../../../Downloads/GoogleService-Info.plist"; sourceTree = "<group>"; };
		EEF2602F20E5205E005E57DA /* SignInVC.swift */ = {isa = PBXFileReference; lastKnownFileType = sourcecode.swift; path = SignInVC.swift; sourceTree = "<group>"; };
		EEF2603120E522FA005E57DA /* ProfileVC.swift */ = {isa = PBXFileReference; lastKnownFileType = sourcecode.swift; path = ProfileVC.swift; sourceTree = "<group>"; };
		EEF2603B20EE1B56005E57DA /* SignUpVC.swift */ = {isa = PBXFileReference; lastKnownFileType = sourcecode.swift; path = SignUpVC.swift; sourceTree = "<group>"; };
		EEF2603D20EE4691005E57DA /* InfoVC.swift */ = {isa = PBXFileReference; lastKnownFileType = sourcecode.swift; path = InfoVC.swift; sourceTree = "<group>"; };
/* End PBXFileReference section */

/* Begin PBXFrameworksBuildPhase section */
		EE12AB8620BEF0F8003FB07B /* Frameworks */ = {
			isa = PBXFrameworksBuildPhase;
			buildActionMask = 2147483647;
			files = (
				3E4336BDB655B1CD2796D61D /* libPods-Photoworthy.a in Frameworks */,
			);
			runOnlyForDeploymentPostprocessing = 0;
		};
		EE12AB9A20BEF0FA003FB07B /* Frameworks */ = {
			isa = PBXFrameworksBuildPhase;
			buildActionMask = 2147483647;
			files = (
			);
			runOnlyForDeploymentPostprocessing = 0;
		};
/* End PBXFrameworksBuildPhase section */

/* Begin PBXGroup section */
		212FE1F47386A15DA5AE32D8 /* Pods */ = {
			isa = PBXGroup;
			children = (
				19A344E6094C322596C436A6 /* Pods-Photoworthy.debug.xcconfig */,
				59F62CA3CB6D1AAB9F441819 /* Pods-Photoworthy.release.xcconfig */,
			);
			name = Pods;
			sourceTree = "<group>";
		};
		EE12AB8020BEF0F8003FB07B = {
			isa = PBXGroup;
			children = (
				EE08D18220C16D5B00962A33 /* Podfile */,
				EE12AB8B20BEF0F8003FB07B /* Photoworthy */,
				EE12ABA020BEF0FA003FB07B /* PhotoworthyTests */,
				EE12AB8A20BEF0F8003FB07B /* Products */,
				212FE1F47386A15DA5AE32D8 /* Pods */,
				FC961C49700C8B8C2E46350A /* Frameworks */,
			);
			sourceTree = "<group>";
		};
		EE12AB8A20BEF0F8003FB07B /* Products */ = {
			isa = PBXGroup;
			children = (
				EE12AB8920BEF0F8003FB07B /* Photoworthy.app */,
				EE12AB9D20BEF0FA003FB07B /* PhotoworthyTests.xctest */,
			);
			name = Products;
			sourceTree = "<group>";
		};
		EE12AB8B20BEF0F8003FB07B /* Photoworthy */ = {
			isa = PBXGroup;
			children = (
				EEF2602B20E50EEB005E57DA /* GoogleService-Info.plist */,
				EE12AB9820BEF0FA003FB07B /* Info.plist */,
				EE12AB9320BEF0FA003FB07B /* Assets.xcassets */,
				EE12AB9520BEF0FA003FB07B /* LaunchScreen.storyboard */,
				EE12AB9020BEF0F8003FB07B /* Main.storyboard */,
				EE12AB8C20BEF0F8003FB07B /* AppDelegate.swift */,
				EEF2602F20E5205E005E57DA /* SignInVC.swift */,
				EEF2603B20EE1B56005E57DA /* SignUpVC.swift */,
				EE12AB8E20BEF0F8003FB07B /* MapVC.swift */,
				EEF2603120E522FA005E57DA /* ProfileVC.swift */,
				EEF2603D20EE4691005E57DA /* InfoVC.swift */,
				EE5D6CF820D5277B00A745A9 /* Place.swift */,
				EE5D6CFA20D7AC6D00A745A9 /* Statistic.swift */,
				EECCF1FD2105E6F9000663E8 /* fonts */,
			);
			path = Photoworthy;
			sourceTree = "<group>";
		};
		EE12ABA020BEF0FA003FB07B /* PhotoworthyTests */ = {
			isa = PBXGroup;
			children = (
				EE12ABA120BEF0FA003FB07B /* PhotoworthyTests.swift */,
				EE12ABA320BEF0FA003FB07B /* Info.plist */,
			);
			path = PhotoworthyTests;
			sourceTree = "<group>";
		};
		EECCF1FD2105E6F9000663E8 /* fonts */ = {
			isa = PBXGroup;
			children = (
				EE2AE40221280019008D10C4 /* remachine-script.ttf */,
			);
			path = fonts;
			sourceTree = "<group>";
		};
		FC961C49700C8B8C2E46350A /* Frameworks */ = {
			isa = PBXGroup;
			children = (
				9056F5DB114964CC4239271C /* libPods-Photoworthy.a */,
			);
			name = Frameworks;
			sourceTree = "<group>";
		};
/* End PBXGroup section */

/* Begin PBXNativeTarget section */
		EE12AB8820BEF0F8003FB07B /* Photoworthy */ = {
			isa = PBXNativeTarget;
			buildConfigurationList = EE12ABA620BEF0FA003FB07B /* Build configuration list for PBXNativeTarget "Photoworthy" */;
			buildPhases = (
				BEAEB410DEC9816A549FB2B3 /* [CP] Check Pods Manifest.lock */,
				EE12AB8520BEF0F8003FB07B /* Sources */,
				EE12AB8620BEF0F8003FB07B /* Frameworks */,
				EE12AB8720BEF0F8003FB07B /* Resources */,
				E4851E460F1607942E5222C5 /* [CP] Copy Pods Resources */,
			);
			buildRules = (
			);
			dependencies = (
			);
			name = Photoworthy;
			productName = Photoworthy;
			productReference = EE12AB8920BEF0F8003FB07B /* Photoworthy.app */;
			productType = "com.apple.product-type.application";
		};
		EE12AB9C20BEF0FA003FB07B /* PhotoworthyTests */ = {
			isa = PBXNativeTarget;
			buildConfigurationList = EE12ABA920BEF0FA003FB07B /* Build configuration list for PBXNativeTarget "PhotoworthyTests" */;
			buildPhases = (
				EE12AB9920BEF0FA003FB07B /* Sources */,
				EE12AB9A20BEF0FA003FB07B /* Frameworks */,
				EE12AB9B20BEF0FA003FB07B /* Resources */,
			);
			buildRules = (
			);
			dependencies = (
				EE12AB9F20BEF0FA003FB07B /* PBXTargetDependency */,
			);
			name = PhotoworthyTests;
			productName = PhotoworthyTests;
			productReference = EE12AB9D20BEF0FA003FB07B /* PhotoworthyTests.xctest */;
			productType = "com.apple.product-type.bundle.unit-test";
		};
/* End PBXNativeTarget section */

/* Begin PBXProject section */
		EE12AB8120BEF0F8003FB07B /* Project object */ = {
			isa = PBXProject;
			attributes = {
				LastSwiftUpdateCheck = 0940;
				LastUpgradeCheck = 0940;
				ORGANIZATIONNAME = "Teo Tsivranidis";
				TargetAttributes = {
					EE12AB8820BEF0F8003FB07B = {
						CreatedOnToolsVersion = 9.4;
					};
					EE12AB9C20BEF0FA003FB07B = {
						CreatedOnToolsVersion = 9.4;
						TestTargetID = EE12AB8820BEF0F8003FB07B;
					};
				};
			};
			buildConfigurationList = EE12AB8420BEF0F8003FB07B /* Build configuration list for PBXProject "Photoworthy" */;
			compatibilityVersion = "Xcode 9.3";
			developmentRegion = en;
			hasScannedForEncodings = 0;
			knownRegions = (
				en,
				Base,
			);
			mainGroup = EE12AB8020BEF0F8003FB07B;
			productRefGroup = EE12AB8A20BEF0F8003FB07B /* Products */;
			projectDirPath = "";
			projectRoot = "";
			targets = (
				EE12AB8820BEF0F8003FB07B /* Photoworthy */,
				EE12AB9C20BEF0FA003FB07B /* PhotoworthyTests */,
			);
		};
/* End PBXProject section */

/* Begin PBXResourcesBuildPhase section */
		EE12AB8720BEF0F8003FB07B /* Resources */ = {
			isa = PBXResourcesBuildPhase;
			buildActionMask = 2147483647;
			files = (
				EE12AB9720BEF0FA003FB07B /* LaunchScreen.storyboard in Resources */,
				EE12AB9420BEF0FA003FB07B /* Assets.xcassets in Resources */,
				EEF2602C20E50EEB005E57DA /* GoogleService-Info.plist in Resources */,
				EE08D18320C16D5B00962A33 /* Podfile in Resources */,
				EE12AB9220BEF0F8003FB07B /* Main.storyboard in Resources */,
			);
			runOnlyForDeploymentPostprocessing = 0;
		};
		EE12AB9B20BEF0FA003FB07B /* Resources */ = {
			isa = PBXResourcesBuildPhase;
			buildActionMask = 2147483647;
			files = (
			);
			runOnlyForDeploymentPostprocessing = 0;
		};
/* End PBXResourcesBuildPhase section */

/* Begin PBXShellScriptBuildPhase section */
		BEAEB410DEC9816A549FB2B3 /* [CP] Check Pods Manifest.lock */ = {
			isa = PBXShellScriptBuildPhase;
			buildActionMask = 2147483647;
			files = (
			);
			inputPaths = (
				"${PODS_PODFILE_DIR_PATH}/Podfile.lock",
				"${PODS_ROOT}/Manifest.lock",
			);
			name = "[CP] Check Pods Manifest.lock";
			outputPaths = (
				"$(DERIVED_FILE_DIR)/Pods-Photoworthy-checkManifestLockResult.txt",
			);
			runOnlyForDeploymentPostprocessing = 0;
			shellPath = /bin/sh;
			shellScript = "diff \"${PODS_PODFILE_DIR_PATH}/Podfile.lock\" \"${PODS_ROOT}/Manifest.lock\" > /dev/null\nif [ $? != 0 ] ; then\n    # print error to STDERR\n    echo \"error: The sandbox is not in sync with the Podfile.lock. Run 'pod install' or update your CocoaPods installation.\" >&2\n    exit 1\nfi\n# This output is used by Xcode 'outputs' to avoid re-running this script phase.\necho \"SUCCESS\" > \"${SCRIPT_OUTPUT_FILE_0}\"\n";
			showEnvVarsInLog = 0;
		};
		E4851E460F1607942E5222C5 /* [CP] Copy Pods Resources */ = {
			isa = PBXShellScriptBuildPhase;
			buildActionMask = 2147483647;
			files = (
			);
			inputPaths = (
				"${SRCROOT}/Pods/Target Support Files/Pods-Photoworthy/Pods-Photoworthy-resources.sh",
				"${PODS_ROOT}/GTMOAuth2/Source/Touch/GTMOAuth2ViewTouch.xib",
				"${PODS_ROOT}/GoogleMaps/Maps/Frameworks/GoogleMaps.framework/Resources/GoogleMaps.bundle",
				"${PODS_ROOT}/GooglePlaces/Frameworks/GooglePlaces.framework/Resources/GooglePlaces.bundle",
				"${PODS_ROOT}/GoogleSignIn/Resources/GoogleSignIn.bundle",
			);
			name = "[CP] Copy Pods Resources";
			outputPaths = (
				"${TARGET_BUILD_DIR}/${UNLOCALIZED_RESOURCES_FOLDER_PATH}/GTMOAuth2ViewTouch.nib",
				"${TARGET_BUILD_DIR}/${UNLOCALIZED_RESOURCES_FOLDER_PATH}/GoogleMaps.bundle",
				"${TARGET_BUILD_DIR}/${UNLOCALIZED_RESOURCES_FOLDER_PATH}/GooglePlaces.bundle",
				"${TARGET_BUILD_DIR}/${UNLOCALIZED_RESOURCES_FOLDER_PATH}/GoogleSignIn.bundle",
			);
			runOnlyForDeploymentPostprocessing = 0;
			shellPath = /bin/sh;
			shellScript = "\"${SRCROOT}/Pods/Target Support Files/Pods-Photoworthy/Pods-Photoworthy-resources.sh\"\n";
			showEnvVarsInLog = 0;
		};
/* End PBXShellScriptBuildPhase section */

/* Begin PBXSourcesBuildPhase section */
		EE12AB8520BEF0F8003FB07B /* Sources */ = {
			isa = PBXSourcesBuildPhase;
			buildActionMask = 2147483647;
			files = (
				EEF2603C20EE1B56005E57DA /* SignUpVC.swift in Sources */,
				EEF2603220E522FA005E57DA /* ProfileVC.swift in Sources */,
				EE12AB8F20BEF0F8003FB07B /* MapVC.swift in Sources */,
				EE5D6CF920D5277B00A745A9 /* Place.swift in Sources */,
				EEF2603E20EE4691005E57DA /* InfoVC.swift in Sources */,
				EE12AB8D20BEF0F8003FB07B /* AppDelegate.swift in Sources */,
				EEF2603020E5205E005E57DA /* SignInVC.swift in Sources */,
				EE5D6CFB20D7AC6D00A745A9 /* Statistic.swift in Sources */,
			);
			runOnlyForDeploymentPostprocessing = 0;
		};
		EE12AB9920BEF0FA003FB07B /* Sources */ = {
			isa = PBXSourcesBuildPhase;
			buildActionMask = 2147483647;
			files = (
				EE12ABA220BEF0FA003FB07B /* PhotoworthyTests.swift in Sources */,
			);
			runOnlyForDeploymentPostprocessing = 0;
		};
/* End PBXSourcesBuildPhase section */

/* Begin PBXTargetDependency section */
		EE12AB9F20BEF0FA003FB07B /* PBXTargetDependency */ = {
			isa = PBXTargetDependency;
			target = EE12AB8820BEF0F8003FB07B /* Photoworthy */;
			targetProxy = EE12AB9E20BEF0FA003FB07B /* PBXContainerItemProxy */;
		};
/* End PBXTargetDependency section */

/* Begin PBXVariantGroup section */
		EE12AB9020BEF0F8003FB07B /* Main.storyboard */ = {
			isa = PBXVariantGroup;
			children = (
				EE12AB9120BEF0F8003FB07B /* Base */,
			);
			name = Main.storyboard;
			sourceTree = "<group>";
		};
		EE12AB9520BEF0FA003FB07B /* LaunchScreen.storyboard */ = {
			isa = PBXVariantGroup;
			children = (
				EE12AB9620BEF0FA003FB07B /* Base */,
			);
			name = LaunchScreen.storyboard;
			sourceTree = "<group>";
		};
/* End PBXVariantGroup section */

/* Begin XCBuildConfiguration section */
		EE12ABA420BEF0FA003FB07B /* Debug */ = {
			isa = XCBuildConfiguration;
			buildSettings = {
				ALWAYS_SEARCH_USER_PATHS = NO;
				CLANG_ANALYZER_NONNULL = YES;
				CLANG_ANALYZER_NUMBER_OBJECT_CONVERSION = YES_AGGRESSIVE;
				CLANG_CXX_LANGUAGE_STANDARD = "gnu++14";
				CLANG_CXX_LIBRARY = "libc++";
				CLANG_ENABLE_MODULES = YES;
				CLANG_ENABLE_OBJC_ARC = YES;
				CLANG_ENABLE_OBJC_WEAK = YES;
				CLANG_WARN_BLOCK_CAPTURE_AUTORELEASING = YES;
				CLANG_WARN_BOOL_CONVERSION = YES;
				CLANG_WARN_COMMA = YES;
				CLANG_WARN_CONSTANT_CONVERSION = YES;
				CLANG_WARN_DEPRECATED_OBJC_IMPLEMENTATIONS = YES;
				CLANG_WARN_DIRECT_OBJC_ISA_USAGE = YES_ERROR;
				CLANG_WARN_DOCUMENTATION_COMMENTS = YES;
				CLANG_WARN_EMPTY_BODY = YES;
				CLANG_WARN_ENUM_CONVERSION = YES;
				CLANG_WARN_INFINITE_RECURSION = YES;
				CLANG_WARN_INT_CONVERSION = YES;
				CLANG_WARN_NON_LITERAL_NULL_CONVERSION = YES;
				CLANG_WARN_OBJC_IMPLICIT_RETAIN_SELF = YES;
				CLANG_WARN_OBJC_LITERAL_CONVERSION = YES;
				CLANG_WARN_OBJC_ROOT_CLASS = YES_ERROR;
				CLANG_WARN_RANGE_LOOP_ANALYSIS = YES;
				CLANG_WARN_STRICT_PROTOTYPES = YES;
				CLANG_WARN_SUSPICIOUS_MOVE = YES;
				CLANG_WARN_UNGUARDED_AVAILABILITY = YES_AGGRESSIVE;
				CLANG_WARN_UNREACHABLE_CODE = YES;
				CLANG_WARN__DUPLICATE_METHOD_MATCH = YES;
				CODE_SIGN_IDENTITY = "iPhone Developer";
				COPY_PHASE_STRIP = NO;
				DEBUG_INFORMATION_FORMAT = dwarf;
				ENABLE_STRICT_OBJC_MSGSEND = YES;
				ENABLE_TESTABILITY = YES;
				GCC_C_LANGUAGE_STANDARD = gnu11;
				GCC_DYNAMIC_NO_PIC = NO;
				GCC_NO_COMMON_BLOCKS = YES;
				GCC_OPTIMIZATION_LEVEL = 0;
				GCC_PREPROCESSOR_DEFINITIONS = (
					"DEBUG=1",
					"$(inherited)",
				);
				GCC_WARN_64_TO_32_BIT_CONVERSION = YES;
				GCC_WARN_ABOUT_RETURN_TYPE = YES_ERROR;
				GCC_WARN_UNDECLARED_SELECTOR = YES;
				GCC_WARN_UNINITIALIZED_AUTOS = YES_AGGRESSIVE;
				GCC_WARN_UNUSED_FUNCTION = YES;
				GCC_WARN_UNUSED_VARIABLE = YES;
				IPHONEOS_DEPLOYMENT_TARGET = 11.4;
				MTL_ENABLE_DEBUG_INFO = YES;
				ONLY_ACTIVE_ARCH = YES;
				SDKROOT = iphoneos;
				SWIFT_ACTIVE_COMPILATION_CONDITIONS = DEBUG;
				SWIFT_OPTIMIZATION_LEVEL = "-Onone";
			};
			name = Debug;
		};
		EE12ABA520BEF0FA003FB07B /* Release */ = {
			isa = XCBuildConfiguration;
			buildSettings = {
				ALWAYS_SEARCH_USER_PATHS = NO;
				CLANG_ANALYZER_NONNULL = YES;
				CLANG_ANALYZER_NUMBER_OBJECT_CONVERSION = YES_AGGRESSIVE;
				CLANG_CXX_LANGUAGE_STANDARD = "gnu++14";
				CLANG_CXX_LIBRARY = "libc++";
				CLANG_ENABLE_MODULES = YES;
				CLANG_ENABLE_OBJC_ARC = YES;
				CLANG_ENABLE_OBJC_WEAK = YES;
				CLANG_WARN_BLOCK_CAPTURE_AUTORELEASING = YES;
				CLANG_WARN_BOOL_CONVERSION = YES;
				CLANG_WARN_COMMA = YES;
				CLANG_WARN_CONSTANT_CONVERSION = YES;
				CLANG_WARN_DEPRECATED_OBJC_IMPLEMENTATIONS = YES;
				CLANG_WARN_DIRECT_OBJC_ISA_USAGE = YES_ERROR;
				CLANG_WARN_DOCUMENTATION_COMMENTS = YES;
				CLANG_WARN_EMPTY_BODY = YES;
				CLANG_WARN_ENUM_CONVERSION = YES;
				CLANG_WARN_INFINITE_RECURSION = YES;
				CLANG_WARN_INT_CONVERSION = YES;
				CLANG_WARN_NON_LITERAL_NULL_CONVERSION = YES;
				CLANG_WARN_OBJC_IMPLICIT_RETAIN_SELF = YES;
				CLANG_WARN_OBJC_LITERAL_CONVERSION = YES;
				CLANG_WARN_OBJC_ROOT_CLASS = YES_ERROR;
				CLANG_WARN_RANGE_LOOP_ANALYSIS = YES;
				CLANG_WARN_STRICT_PROTOTYPES = YES;
				CLANG_WARN_SUSPICIOUS_MOVE = YES;
				CLANG_WARN_UNGUARDED_AVAILABILITY = YES_AGGRESSIVE;
				CLANG_WARN_UNREACHABLE_CODE = YES;
				CLANG_WARN__DUPLICATE_METHOD_MATCH = YES;
				CODE_SIGN_IDENTITY = "iPhone Developer";
				COPY_PHASE_STRIP = NO;
				DEBUG_INFORMATION_FORMAT = "dwarf-with-dsym";
				ENABLE_NS_ASSERTIONS = NO;
				ENABLE_STRICT_OBJC_MSGSEND = YES;
				GCC_C_LANGUAGE_STANDARD = gnu11;
				GCC_NO_COMMON_BLOCKS = YES;
				GCC_WARN_64_TO_32_BIT_CONVERSION = YES;
				GCC_WARN_ABOUT_RETURN_TYPE = YES_ERROR;
				GCC_WARN_UNDECLARED_SELECTOR = YES;
				GCC_WARN_UNINITIALIZED_AUTOS = YES_AGGRESSIVE;
				GCC_WARN_UNUSED_FUNCTION = YES;
				GCC_WARN_UNUSED_VARIABLE = YES;
				IPHONEOS_DEPLOYMENT_TARGET = 11.4;
				MTL_ENABLE_DEBUG_INFO = NO;
				SDKROOT = iphoneos;
				SWIFT_COMPILATION_MODE = wholemodule;
				SWIFT_OPTIMIZATION_LEVEL = "-O";
				VALIDATE_PRODUCT = YES;
			};
			name = Release;
		};
		EE12ABA720BEF0FA003FB07B /* Debug */ = {
			isa = XCBuildConfiguration;
			baseConfigurationReference = 19A344E6094C322596C436A6 /* Pods-Photoworthy.debug.xcconfig */;
			buildSettings = {
				ASSETCATALOG_COMPILER_APPICON_NAME = AppIcon;
				CODE_SIGN_STYLE = Automatic;
				DEVELOPMENT_TEAM = NU4397RGHR;
				FRAMEWORK_SEARCH_PATHS = (
					"$(inherited)",
					"\"${PODS_ROOT}/FirebaseAnalytics/Frameworks\"",
					"\"${PODS_ROOT}/FirebaseInstanceID/Frameworks\"",
					"\"${PODS_ROOT}/GoogleMaps/Base/Frameworks\"",
					"\"${PODS_ROOT}/GoogleMaps/Maps/Frameworks\"",
					"\"${PODS_ROOT}/GooglePlaces/Frameworks\"",
					"\"${PODS_ROOT}/GoogleSignIn/Frameworks\"",
				);
				INFOPLIST_FILE = Photoworthy/Info.plist;
				IPHONEOS_DEPLOYMENT_TARGET = 11.4;
				LD_RUNPATH_SEARCH_PATHS = (
					"$(inherited)",
					"@executable_path/Frameworks",
				);
				PRODUCT_BUNDLE_IDENTIFIER = com.ttsivran.Photoworthy;
				PRODUCT_NAME = "$(TARGET_NAME)";
				SWIFT_VERSION = 4.0;
				TARGETED_DEVICE_FAMILY = "1,2";
			};
			name = Debug;
		};
		EE12ABA820BEF0FA003FB07B /* Release */ = {
			isa = XCBuildConfiguration;
			baseConfigurationReference = 59F62CA3CB6D1AAB9F441819 /* Pods-Photoworthy.release.xcconfig */;
			buildSettings = {
				ASSETCATALOG_COMPILER_APPICON_NAME = AppIcon;
				CODE_SIGN_STYLE = Automatic;
				DEVELOPMENT_TEAM = NU4397RGHR;
				FRAMEWORK_SEARCH_PATHS = (
					"$(inherited)",
					"\"${PODS_ROOT}/FirebaseAnalytics/Frameworks\"",
					"\"${PODS_ROOT}/FirebaseInstanceID/Frameworks\"",
					"\"${PODS_ROOT}/GoogleMaps/Base/Frameworks\"",
					"\"${PODS_ROOT}/GoogleMaps/Maps/Frameworks\"",
					"\"${PODS_ROOT}/GooglePlaces/Frameworks\"",
					"\"${PODS_ROOT}/GoogleSignIn/Frameworks\"",
				);
				INFOPLIST_FILE = Photoworthy/Info.plist;
				IPHONEOS_DEPLOYMENT_TARGET = 11.4;
				LD_RUNPATH_SEARCH_PATHS = (
					"$(inherited)",
					"@executable_path/Frameworks",
				);
				PRODUCT_BUNDLE_IDENTIFIER = com.ttsivran.Photoworthy;
				PRODUCT_NAME = "$(TARGET_NAME)";
				SWIFT_VERSION = 4.0;
				TARGETED_DEVICE_FAMILY = "1,2";
			};
			name = Release;
		};
		EE12ABAA20BEF0FA003FB07B /* Debug */ = {
			isa = XCBuildConfiguration;
			buildSettings = {
				ALWAYS_EMBED_SWIFT_STANDARD_LIBRARIES = YES;
				BUNDLE_LOADER = "$(TEST_HOST)";
				CODE_SIGN_STYLE = Automatic;
				INFOPLIST_FILE = PhotoworthyTests/Info.plist;
				LD_RUNPATH_SEARCH_PATHS = (
					"$(inherited)",
					"@executable_path/Frameworks",
					"@loader_path/Frameworks",
				);
				PRODUCT_BUNDLE_IDENTIFIER = com.example.PhotoworthyTests;
				PRODUCT_NAME = "$(TARGET_NAME)";
				SWIFT_VERSION = 4.0;
				TARGETED_DEVICE_FAMILY = "1,2";
				TEST_HOST = "$(BUILT_PRODUCTS_DIR)/Photoworthy.app/Photoworthy";
			};
			name = Debug;
		};
		EE12ABAB20BEF0FA003FB07B /* Release */ = {
			isa = XCBuildConfiguration;
			buildSettings = {
				ALWAYS_EMBED_SWIFT_STANDARD_LIBRARIES = YES;
				BUNDLE_LOADER = "$(TEST_HOST)";
				CODE_SIGN_STYLE = Automatic;
				INFOPLIST_FILE = PhotoworthyTests/Info.plist;
				LD_RUNPATH_SEARCH_PATHS = (
					"$(inherited)",
					"@executable_path/Frameworks",
					"@loader_path/Frameworks",
				);
				PRODUCT_BUNDLE_IDENTIFIER = com.example.PhotoworthyTests;
				PRODUCT_NAME = "$(TARGET_NAME)";
				SWIFT_VERSION = 4.0;
				TARGETED_DEVICE_FAMILY = "1,2";
				TEST_HOST = "$(BUILT_PRODUCTS_DIR)/Photoworthy.app/Photoworthy";
			};
			name = Release;
		};
/* End XCBuildConfiguration section */

/* Begin XCConfigurationList section */
		EE12AB8420BEF0F8003FB07B /* Build configuration list for PBXProject "Photoworthy" */ = {
			isa = XCConfigurationList;
			buildConfigurations = (
				EE12ABA420BEF0FA003FB07B /* Debug */,
				EE12ABA520BEF0FA003FB07B /* Release */,
			);
			defaultConfigurationIsVisible = 0;
			defaultConfigurationName = Release;
		};
		EE12ABA620BEF0FA003FB07B /* Build configuration list for PBXNativeTarget "Photoworthy" */ = {
			isa = XCConfigurationList;
			buildConfigurations = (
				EE12ABA720BEF0FA003FB07B /* Debug */,
				EE12ABA820BEF0FA003FB07B /* Release */,
			);
			defaultConfigurationIsVisible = 0;
			defaultConfigurationName = Release;
		};
		EE12ABA920BEF0FA003FB07B /* Build configuration list for PBXNativeTarget "PhotoworthyTests" */ = {
			isa = XCConfigurationList;
			buildConfigurations = (
				EE12ABAA20BEF0FA003FB07B /* Debug */,
				EE12ABAB20BEF0FA003FB07B /* Release */,
			);
			defaultConfigurationIsVisible = 0;
			defaultConfigurationName = Release;
		};
/* End XCConfigurationList section */
	};
	rootObject = EE12AB8120BEF0F8003FB07B /* Project object */;
}
